
Microsoft Visual Studio Solution File, Format Version 12.00
# Visual Studio Version 16
VisualStudioVersion = 16.0.33801.447
MinimumVisualStudioVersion = 10.0.40219.1
Project("{9A19103F-16F7-4668-BE54-9A1E7A4F7556}") = "CinemaTicket.WebApi", "CinemaTicket.WebApi\CinemaTicket.WebApi.csproj", "{8F538255-225B-4053-AA6C-5934869193EE}"
EndProject
Project("{9A19103F-16F7-4668-BE54-9A1E7A4F7556}") = "CinemaTicket.Entities", "CinemaTicket.Entities\CinemaTicket.Entities.csproj", "{C3A248C5-DE60-4555-8407-2C88236EA679}"
EndProject
Project("{9A19103F-16F7-4668-BE54-9A1E7A4F7556}") = "CinemaTicket.DataAccess", "CinemaTicket.DataAccess\CinemaTicket.DataAccess.csproj", "{821808FB-1D5C-4EF7-9436-543CDD30EBA3}"
EndProject
Project("{9A19103F-16F7-4668-BE54-9A1E7A4F7556}") = "CinemaTicket.DataAccess.Interfaces", "CinemaTicket.DataAccess.Interfaces\CinemaTicket.DataAccess.Interfaces.csproj", "{54D34310-6BB5-4AC4-B2F0-DBD5C1208A29}"
EndProject
Project("{9A19103F-16F7-4668-BE54-9A1E7A4F7556}") = "CinemaTicket.DataTransferObjects", "CinemaTicket.DataTransferObjects\CinemaTicket.DataTransferObjects.csproj", "{98BCC4F0-3209-46D9-AEEB-6AC104C68939}"
EndProject
Project("{9A19103F-16F7-4668-BE54-9A1E7A4F7556}") = "CinemaTicket.BusinessLogic.Interfaces", "CinemaTicket.BusinessLogic.Interfaces\CinemaTicket.BusinessLogic.Interfaces.csproj", "{3F7CB75E-E699-47B5-A17A-A5EA1506A179}"
EndProject
Project("{9A19103F-16F7-4668-BE54-9A1E7A4F7556}") = "CinemaTicket.BusinessLogicServices", "CinemaTicket.BusinessLogicServices\CinemaTicket.BusinessLogicServices.csproj", "{22E649D3-A869-4856-AA6F-F45340B094DF}"
EndProject
Project("{9A19103F-16F7-4668-BE54-9A1E7A4F7556}") = "CinemaTicket.TestObjects", "CinemaTicket.TestObjetcs\CinemaTicket.TestObjects.csproj", "{9B18E93C-EB0C-491A-B5C7-9EAA99864055}"
EndProject
Global
	GlobalSection(SolutionConfigurationPlatforms) = preSolution
		Debug|Any CPU = Debug|Any CPU
		Release|Any CPU = Release|Any CPU
	EndGlobalSection
	GlobalSection(ProjectConfigurationPlatforms) = postSolution
		{8F538255-225B-4053-AA6C-5934869193EE}.Debug|Any CPU.ActiveCfg = Debug|Any CPU
		{8F538255-225B-4053-AA6C-5934869193EE}.Debug|Any CPU.Build.0 = Debug|Any CPU
		{8F538255-225B-4053-AA6C-5934869193EE}.Release|Any CPU.ActiveCfg = Release|Any CPU
		{8F538255-225B-4053-AA6C-5934869193EE}.Release|Any CPU.Build.0 = Release|Any CPU
		{C3A248C5-DE60-4555-8407-2C88236EA679}.Debug|Any CPU.ActiveCfg = Debug|Any CPU
		{C3A248C5-DE60-4555-8407-2C88236EA679}.Debug|Any CPU.Build.0 = Debug|Any CPU
		{C3A248C5-DE60-4555-8407-2C88236EA679}.Release|Any CPU.ActiveCfg = Release|Any CPU
		{C3A248C5-DE60-4555-8407-2C88236EA679}.Release|Any CPU.Build.0 = Release|Any CPU
		{821808FB-1D5C-4EF7-9436-543CDD30EBA3}.Debug|Any CPU.ActiveCfg = Debug|Any CPU
		{821808FB-1D5C-4EF7-9436-543CDD30EBA3}.Debug|Any CPU.Build.0 = Debug|Any CPU
		{821808FB-1D5C-4EF7-9436-543CDD30EBA3}.Release|Any CPU.ActiveCfg = Release|Any CPU
		{821808FB-1D5C-4EF7-9436-543CDD30EBA3}.Release|Any CPU.Build.0 = Release|Any CPU
		{54D34310-6BB5-4AC4-B2F0-DBD5C1208A29}.Debug|Any CPU.ActiveCfg = Debug|Any CPU
		{54D34310-6BB5-4AC4-B2F0-DBD5C1208A29}.Debug|Any CPU.Build.0 = Debug|Any CPU
		{54D34310-6BB5-4AC4-B2F0-DBD5C1208A29}.Release|Any CPU.ActiveCfg = Release|Any CPU
		{54D34310-6BB5-4AC4-B2F0-DBD5C1208A29}.Release|Any CPU.Build.0 = Release|Any CPU
		{98BCC4F0-3209-46D9-AEEB-6AC104C68939}.Debug|Any CPU.ActiveCfg = Debug|Any CPU
		{98BCC4F0-3209-46D9-AEEB-6AC104C68939}.Debug|Any CPU.Build.0 = Debug|Any CPU
		{98BCC4F0-3209-46D9-AEEB-6AC104C68939}.Release|Any CPU.ActiveCfg = Release|Any CPU
		{98BCC4F0-3209-46D9-AEEB-6AC104C68939}.Release|Any CPU.Build.0 = Release|Any CPU
		{3F7CB75E-E699-47B5-A17A-A5EA1506A179}.Debug|Any CPU.ActiveCfg = Debug|Any CPU
		{3F7CB75E-E699-47B5-A17A-A5EA1506A179}.Debug|Any CPU.Build.0 = Debug|Any CPU
		{3F7CB75E-E699-47B5-A17A-A5EA1506A179}.Release|Any CPU.ActiveCfg = Release|Any CPU
		{3F7CB75E-E699-47B5-A17A-A5EA1506A179}.Release|Any CPU.Build.0 = Release|Any CPU
		{22E649D3-A869-4856-AA6F-F45340B094DF}.Debug|Any CPU.ActiveCfg = Debug|Any CPU
		{22E649D3-A869-4856-AA6F-F45340B094DF}.Debug|Any CPU.Build.0 = Debug|Any CPU
		{22E649D3-A869-4856-AA6F-F45340B094DF}.Release|Any CPU.ActiveCfg = Release|Any CPU
		{22E649D3-A869-4856-AA6F-F45340B094DF}.Release|Any CPU.Build.0 = Release|Any CPU
		{9B18E93C-EB0C-491A-B5C7-9EAA99864055}.Debug|Any CPU.ActiveCfg = Debug|Any CPU
		{9B18E93C-EB0C-491A-B5C7-9EAA99864055}.Debug|Any CPU.Build.0 = Debug|Any CPU
		{9B18E93C-EB0C-491A-B5C7-9EAA99864055}.Release|Any CPU.ActiveCfg = Release|Any CPU
		{9B18E93C-EB0C-491A-B5C7-9EAA99864055}.Release|Any CPU.Build.0 = Release|Any CPU
	EndGlobalSection
	GlobalSection(SolutionProperties) = preSolution
		HideSolutionNode = FALSE
	EndGlobalSection
	GlobalSection(ExtensibilityGlobals) = postSolution
		SolutionGuid = {02A8533E-9910-4AC4-9FA9-B6375DB31C5A}
	EndGlobalSection
EndGlobal
